// !$*UTF8*$!
{
	archiveVersion = 1;
	classes = {
	};
	objectVersion = 56;
	objects = {

/* Begin PBXBuildFile section */
		8FF10F342B58E3760090FF87 /* airbnb_cloneApp.swift in Sources */ = {isa = PBXBuildFile; fileRef = 8FF10F332B58E3760090FF87 /* airbnb_cloneApp.swift */; };
		8FF10F362B58E3760090FF87 /* ContentView.swift in Sources */ = {isa = PBXBuildFile; fileRef = 8FF10F352B58E3760090FF87 /* ContentView.swift */; };
		8FF10F382B58E3790090FF87 /* Assets.xcassets in Resources */ = {isa = PBXBuildFile; fileRef = 8FF10F372B58E3790090FF87 /* Assets.xcassets */; };
		8FF10F3B2B58E3790090FF87 /* Preview Assets.xcassets in Resources */ = {isa = PBXBuildFile; fileRef = 8FF10F3A2B58E3790090FF87 /* Preview Assets.xcassets */; };
		8FF10F4E2B58E49C0090FF87 /* ExploreView.swift in Sources */ = {isa = PBXBuildFile; fileRef = 8FF10F4D2B58E49C0090FF87 /* ExploreView.swift */; };
		8FF10F522B58EF650090FF87 /* ListingItemView.swift in Sources */ = {isa = PBXBuildFile; fileRef = 8FF10F512B58EF650090FF87 /* ListingItemView.swift */; };
		8FF10F542B58F52A0090FF87 /* SearchAndFilterBar.swift in Sources */ = {isa = PBXBuildFile; fileRef = 8FF10F532B58F52A0090FF87 /* SearchAndFilterBar.swift */; };
		8FF10F562B58F9190090FF87 /* ListingDetailView.swift in Sources */ = {isa = PBXBuildFile; fileRef = 8FF10F552B58F9190090FF87 /* ListingDetailView.swift */; };
		8FF10F592B58F97F0090FF87 /* ListingImageCarouselView.swift in Sources */ = {isa = PBXBuildFile; fileRef = 8FF10F582B58F97F0090FF87 /* ListingImageCarouselView.swift */; };
		8FF10F5B2B590B3C0090FF87 /* DestinationSerachView.swift in Sources */ = {isa = PBXBuildFile; fileRef = 8FF10F5A2B590B3C0090FF87 /* DestinationSerachView.swift */; };
		8FF10F5D2B59208D0090FF87 /* ProfileView.swift in Sources */ = {isa = PBXBuildFile; fileRef = 8FF10F5C2B59208D0090FF87 /* ProfileView.swift */; };
		8FF10F5F2B5922000090FF87 /* ProfileOptionRowView.swift in Sources */ = {isa = PBXBuildFile; fileRef = 8FF10F5E2B5922000090FF87 /* ProfileOptionRowView.swift */; };
		8FF10F612B59234A0090FF87 /* WishlistsView.swift in Sources */ = {isa = PBXBuildFile; fileRef = 8FF10F602B59234A0090FF87 /* WishlistsView.swift */; };
		8FF10F632B5924330090FF87 /* MainTabView.swift in Sources */ = {isa = PBXBuildFile; fileRef = 8FF10F622B5924330090FF87 /* MainTabView.swift */; };
		8FF10F672B5926230090FF87 /* Listing.swift in Sources */ = {isa = PBXBuildFile; fileRef = 8FF10F662B5926230090FF87 /* Listing.swift */; };
		8FF10F692B592DAC0090FF87 /* DeveloperPreview.swift in Sources */ = {isa = PBXBuildFile; fileRef = 8FF10F682B592DAC0090FF87 /* DeveloperPreview.swift */; };
		8FF10F6E2B59527C0090FF87 /* ExploreViewModel.swift in Sources */ = {isa = PBXBuildFile; fileRef = 8FF10F6D2B59527C0090FF87 /* ExploreViewModel.swift */; };
		8FF10F702B59531E0090FF87 /* ExploreService.swift in Sources */ = {isa = PBXBuildFile; fileRef = 8FF10F6F2B59531D0090FF87 /* ExploreService.swift */; };
		8FF10F722B59608E0090FF87 /* Regions.swift in Sources */ = {isa = PBXBuildFile; fileRef = 8FF10F712B59608E0090FF87 /* Regions.swift */; };
/* End PBXBuildFile section */

/* Begin PBXFileReference section */
		8FF10F302B58E3760090FF87 /* airbnb_clone.app */ = {isa = PBXFileReference; explicitFileType = wrapper.application; includeInIndex = 0; path = airbnb_clone.app; sourceTree = BUILT_PRODUCTS_DIR; };
		8FF10F332B58E3760090FF87 /* airbnb_cloneApp.swift */ = {isa = PBXFileReference; lastKnownFileType = sourcecode.swift; path = airbnb_cloneApp.swift; sourceTree = "<group>"; };
		8FF10F352B58E3760090FF87 /* ContentView.swift */ = {isa = PBXFileReference; lastKnownFileType = sourcecode.swift; path = ContentView.swift; sourceTree = "<group>"; };
		8FF10F372B58E3790090FF87 /* Assets.xcassets */ = {isa = PBXFileReference; lastKnownFileType = folder.assetcatalog; path = Assets.xcassets; sourceTree = "<group>"; };
		8FF10F3A2B58E3790090FF87 /* Preview Assets.xcassets */ = {isa = PBXFileReference; lastKnownFileType = folder.assetcatalog; path = "Preview Assets.xcassets"; sourceTree = "<group>"; };
		8FF10F4D2B58E49C0090FF87 /* ExploreView.swift */ = {isa = PBXFileReference; lastKnownFileType = sourcecode.swift; path = ExploreView.swift; sourceTree = "<group>"; };
		8FF10F512B58EF650090FF87 /* ListingItemView.swift */ = {isa = PBXFileReference; lastKnownFileType = sourcecode.swift; path = ListingItemView.swift; sourceTree = "<group>"; };
		8FF10F532B58F52A0090FF87 /* SearchAndFilterBar.swift */ = {isa = PBXFileReference; lastKnownFileType = sourcecode.swift; path = SearchAndFilterBar.swift; sourceTree = "<group>"; };
		8FF10F552B58F9190090FF87 /* ListingDetailView.swift */ = {isa = PBXFileReference; lastKnownFileType = sourcecode.swift; path = ListingDetailView.swift; sourceTree = "<group>"; };
		8FF10F582B58F97F0090FF87 /* ListingImageCarouselView.swift */ = {isa = PBXFileReference; lastKnownFileType = sourcecode.swift; path = ListingImageCarouselView.swift; sourceTree = "<group>"; };
		8FF10F5A2B590B3C0090FF87 /* DestinationSerachView.swift */ = {isa = PBXFileReference; lastKnownFileType = sourcecode.swift; path = DestinationSerachView.swift; sourceTree = "<group>"; };
		8FF10F5C2B59208D0090FF87 /* ProfileView.swift */ = {isa = PBXFileReference; lastKnownFileType = sourcecode.swift; path = ProfileView.swift; sourceTree = "<group>"; };
		8FF10F5E2B5922000090FF87 /* ProfileOptionRowView.swift */ = {isa = PBXFileReference; lastKnownFileType = sourcecode.swift; path = ProfileOptionRowView.swift; sourceTree = "<group>"; };
		8FF10F602B59234A0090FF87 /* WishlistsView.swift */ = {isa = PBXFileReference; lastKnownFileType = sourcecode.swift; path = WishlistsView.swift; sourceTree = "<group>"; };
		8FF10F622B5924330090FF87 /* MainTabView.swift */ = {isa = PBXFileReference; lastKnownFileType = sourcecode.swift; path = MainTabView.swift; sourceTree = "<group>"; };
		8FF10F662B5926230090FF87 /* Listing.swift */ = {isa = PBXFileReference; lastKnownFileType = sourcecode.swift; path = Listing.swift; sourceTree = "<group>"; };
		8FF10F682B592DAC0090FF87 /* DeveloperPreview.swift */ = {isa = PBXFileReference; lastKnownFileType = sourcecode.swift; path = DeveloperPreview.swift; sourceTree = "<group>"; };
		8FF10F6D2B59527C0090FF87 /* ExploreViewModel.swift */ = {isa = PBXFileReference; lastKnownFileType = sourcecode.swift; path = ExploreViewModel.swift; sourceTree = "<group>"; };
		8FF10F6F2B59531D0090FF87 /* ExploreService.swift */ = {isa = PBXFileReference; lastKnownFileType = sourcecode.swift; path = ExploreService.swift; sourceTree = "<group>"; };
		8FF10F712B59608E0090FF87 /* Regions.swift */ = {isa = PBXFileReference; lastKnownFileType = sourcecode.swift; path = Regions.swift; sourceTree = "<group>"; };
/* End PBXFileReference section */

/* Begin PBXFrameworksBuildPhase section */
		8FF10F2D2B58E3760090FF87 /* Frameworks */ = {
			isa = PBXFrameworksBuildPhase;
			buildActionMask = 2147483647;
			files = (
			);
			runOnlyForDeploymentPostprocessing = 0;
		};
/* End PBXFrameworksBuildPhase section */

/* Begin PBXGroup section */
		8FF10F272B58E3760090FF87 = {
			isa = PBXGroup;
			children = (
				8FF10F322B58E3760090FF87 /* airbnb_clone */,
				8FF10F312B58E3760090FF87 /* Products */,
			);
			sourceTree = "<group>";
		};
		8FF10F312B58E3760090FF87 /* Products */ = {
			isa = PBXGroup;
			children = (
				8FF10F302B58E3760090FF87 /* airbnb_clone.app */,
			);
			name = Products;
			sourceTree = "<group>";
		};
		8FF10F322B58E3760090FF87 /* airbnb_clone */ = {
			isa = PBXGroup;
			children = (
				8FF10F412B58E3AD0090FF87 /* App */,
				8FF10F422B58E3B70090FF87 /* Core */,
				8FF10F472B58E3DD0090FF87 /* Extensions */,
				8FF10F482B58E3E40090FF87 /* Models */,
				8FF10F492B58E3EA0090FF87 /* Utils */,
				8FF10F372B58E3790090FF87 /* Assets.xcassets */,
				8FF10F392B58E3790090FF87 /* Preview Content */,
			);
			path = airbnb_clone;
			sourceTree = "<group>";
		};
		8FF10F392B58E3790090FF87 /* Preview Content */ = {
			isa = PBXGroup;
			children = (
				8FF10F3A2B58E3790090FF87 /* Preview Assets.xcassets */,
			);
			path = "Preview Content";
			sourceTree = "<group>";
		};
		8FF10F412B58E3AD0090FF87 /* App */ = {
			isa = PBXGroup;
			children = (
				8FF10F332B58E3760090FF87 /* airbnb_cloneApp.swift */,
			);
			path = App;
			sourceTree = "<group>";
		};
		8FF10F422B58E3B70090FF87 /* Core */ = {
			isa = PBXGroup;
			children = (
				8FF10F572B58F9630090FF87 /* Components */,
				8FF10F452B58E3CD0090FF87 /* Explore */,
				8FF10F442B58E3C30090FF87 /* Listings */,
				8FF10F432B58E3BD0090FF87 /* MapView */,
				8FF10F462B58E3D50090FF87 /* Profile */,
				8FF10F4A2B58E4050090FF87 /* Root */,
				8FF10F4B2B58E40B0090FF87 /* TabBar */,
				8FF10F4C2B58E4160090FF87 /* Wishlists */,
			);
			path = Core;
			sourceTree = "<group>";
		};
		8FF10F432B58E3BD0090FF87 /* MapView */ = {
			isa = PBXGroup;
			children = (
			);
			path = MapView;
			sourceTree = "<group>";
		};
		8FF10F442B58E3C30090FF87 /* Listings */ = {
			isa = PBXGroup;
			children = (
				8FF10F642B59260A0090FF87 /* Model */,
				8FF10F652B59260F0090FF87 /* View */,
			);
			path = Listings;
			sourceTree = "<group>";
		};
		8FF10F452B58E3CD0090FF87 /* Explore */ = {
			isa = PBXGroup;
			children = (
				8FF10F6C2B5952590090FF87 /* Service */,
				8FF10F6B2B5952540090FF87 /* View */,
				8FF10F6A2B59524C0090FF87 /* ViewModel */,
			);
			path = Explore;
			sourceTree = "<group>";
		};
		8FF10F462B58E3D50090FF87 /* Profile */ = {
			isa = PBXGroup;
			children = (
				8FF10F5C2B59208D0090FF87 /* ProfileView.swift */,
				8FF10F5E2B5922000090FF87 /* ProfileOptionRowView.swift */,
			);
			path = Profile;
			sourceTree = "<group>";
		};
		8FF10F472B58E3DD0090FF87 /* Extensions */ = {
			isa = PBXGroup;
			children = (
				8FF10F682B592DAC0090FF87 /* DeveloperPreview.swift */,
				8FF10F712B59608E0090FF87 /* Regions.swift */,
			);
			path = Extensions;
			sourceTree = "<group>";
		};
		8FF10F482B58E3E40090FF87 /* Models */ = {
			isa = PBXGroup;
			children = (
			);
			path = Models;
			sourceTree = "<group>";
		};
		8FF10F492B58E3EA0090FF87 /* Utils */ = {
			isa = PBXGroup;
			children = (
			);
			path = Utils;
			sourceTree = "<group>";
		};
		8FF10F4A2B58E4050090FF87 /* Root */ = {
			isa = PBXGroup;
			children = (
				8FF10F352B58E3760090FF87 /* ContentView.swift */,
			);
			path = Root;
			sourceTree = "<group>";
		};
		8FF10F4B2B58E40B0090FF87 /* TabBar */ = {
			isa = PBXGroup;
			children = (
				8FF10F622B5924330090FF87 /* MainTabView.swift */,
			);
			path = TabBar;
			sourceTree = "<group>";
		};
		8FF10F4C2B58E4160090FF87 /* Wishlists */ = {
			isa = PBXGroup;
			children = (
				8FF10F602B59234A0090FF87 /* WishlistsView.swift */,
			);
			path = Wishlists;
			sourceTree = "<group>";
		};
		8FF10F572B58F9630090FF87 /* Components */ = {
			isa = PBXGroup;
			children = (
				8FF10F582B58F97F0090FF87 /* ListingImageCarouselView.swift */,
			);
			path = Components;
			sourceTree = "<group>";
		};
		8FF10F642B59260A0090FF87 /* Model */ = {
			isa = PBXGroup;
			children = (
				8FF10F662B5926230090FF87 /* Listing.swift */,
			);
			path = Model;
			sourceTree = "<group>";
		};
		8FF10F652B59260F0090FF87 /* View */ = {
			isa = PBXGroup;
			children = (
				8FF10F512B58EF650090FF87 /* ListingItemView.swift */,
				8FF10F552B58F9190090FF87 /* ListingDetailView.swift */,
			);
			path = View;
			sourceTree = "<group>";
		};
		8FF10F6A2B59524C0090FF87 /* ViewModel */ = {
			isa = PBXGroup;
			children = (
				8FF10F6D2B59527C0090FF87 /* ExploreViewModel.swift */,
			);
			path = ViewModel;
			sourceTree = "<group>";
		};
		8FF10F6B2B5952540090FF87 /* View */ = {
			isa = PBXGroup;
			children = (
				8FF10F4D2B58E49C0090FF87 /* ExploreView.swift */,
				8FF10F532B58F52A0090FF87 /* SearchAndFilterBar.swift */,
				8FF10F5A2B590B3C0090FF87 /* DestinationSerachView.swift */,
			);
			path = View;
			sourceTree = "<group>";
		};
		8FF10F6C2B5952590090FF87 /* Service */ = {
			isa = PBXGroup;
			children = (
				8FF10F6F2B59531D0090FF87 /* ExploreService.swift */,
			);
			path = Service;
			sourceTree = "<group>";
		};
/* End PBXGroup section */

/* Begin PBXNativeTarget section */
		8FF10F2F2B58E3760090FF87 /* airbnb_clone */ = {
			isa = PBXNativeTarget;
			buildConfigurationList = 8FF10F3E2B58E3790090FF87 /* Build configuration list for PBXNativeTarget "airbnb_clone" */;
			buildPhases = (
				8FF10F2C2B58E3760090FF87 /* Sources */,
				8FF10F2D2B58E3760090FF87 /* Frameworks */,
				8FF10F2E2B58E3760090FF87 /* Resources */,
			);
			buildRules = (
			);
			dependencies = (
			);
			name = airbnb_clone;
			productName = airbnb_clone;
			productReference = 8FF10F302B58E3760090FF87 /* airbnb_clone.app */;
			productType = "com.apple.product-type.application";
		};
/* End PBXNativeTarget section */

/* Begin PBXProject section */
		8FF10F282B58E3760090FF87 /* Project object */ = {
			isa = PBXProject;
			attributes = {
				BuildIndependentTargetsInParallel = 1;
				LastSwiftUpdateCheck = 1520;
				LastUpgradeCheck = 1520;
				TargetAttributes = {
					8FF10F2F2B58E3760090FF87 = {
						CreatedOnToolsVersion = 15.2;
					};
				};
			};
			buildConfigurationList = 8FF10F2B2B58E3760090FF87 /* Build configuration list for PBXProject "airbnb_clone" */;
			compatibilityVersion = "Xcode 14.0";
			developmentRegion = en;
			hasScannedForEncodings = 0;
			knownRegions = (
				en,
				Base,
			);
			mainGroup = 8FF10F272B58E3760090FF87;
			productRefGroup = 8FF10F312B58E3760090FF87 /* Products */;
			projectDirPath = "";
			projectRoot = "";
			targets = (
				8FF10F2F2B58E3760090FF87 /* airbnb_clone */,
			);
		};
/* End PBXProject section */

/* Begin PBXResourcesBuildPhase section */
		8FF10F2E2B58E3760090FF87 /* Resources */ = {
			isa = PBXResourcesBuildPhase;
			buildActionMask = 2147483647;
			files = (
				8FF10F3B2B58E3790090FF87 /* Preview Assets.xcassets in Resources */,
				8FF10F382B58E3790090FF87 /* Assets.xcassets in Resources */,
			);
			runOnlyForDeploymentPostprocessing = 0;
		};
/* End PBXResourcesBuildPhase section */

/* Begin PBXSourcesBuildPhase section */
		8FF10F2C2B58E3760090FF87 /* Sources */ = {
			isa = PBXSourcesBuildPhase;
			buildActionMask = 2147483647;
			files = (
				8FF10F592B58F97F0090FF87 /* ListingImageCarouselView.swift in Sources */,
				8FF10F5D2B59208D0090FF87 /* ProfileView.swift in Sources */,
				8FF10F5F2B5922000090FF87 /* ProfileOptionRowView.swift in Sources */,
				8FF10F5B2B590B3C0090FF87 /* DestinationSerachView.swift in Sources */,
				8FF10F522B58EF650090FF87 /* ListingItemView.swift in Sources */,
				8FF10F362B58E3760090FF87 /* ContentView.swift in Sources */,
				8FF10F6E2B59527C0090FF87 /* ExploreViewModel.swift in Sources */,
				8FF10F722B59608E0090FF87 /* Regions.swift in Sources */,
				8FF10F612B59234A0090FF87 /* WishlistsView.swift in Sources */,
				8FF10F672B5926230090FF87 /* Listing.swift in Sources */,
				8FF10F4E2B58E49C0090FF87 /* ExploreView.swift in Sources */,
				8FF10F542B58F52A0090FF87 /* SearchAndFilterBar.swift in Sources */,
				8FF10F562B58F9190090FF87 /* ListingDetailView.swift in Sources */,
				8FF10F342B58E3760090FF87 /* airbnb_cloneApp.swift in Sources */,
				8FF10F632B5924330090FF87 /* MainTabView.swift in Sources */,
				8FF10F692B592DAC0090FF87 /* DeveloperPreview.swift in Sources */,
				8FF10F702B59531E0090FF87 /* ExploreService.swift in Sources */,
			);
			runOnlyForDeploymentPostprocessing = 0;
		};
/* End PBXSourcesBuildPhase section */

/* Begin XCBuildConfiguration section */
		8FF10F3C2B58E3790090FF87 /* Debug */ = {
			isa = XCBuildConfiguration;
			buildSettings = {
				ALWAYS_SEARCH_USER_PATHS = NO;
				ASSETCATALOG_COMPILER_GENERATE_SWIFT_ASSET_SYMBOL_EXTENSIONS = YES;
				CLANG_ANALYZER_NONNULL = YES;
				CLANG_ANALYZER_NUMBER_OBJECT_CONVERSION = YES_AGGRESSIVE;
				CLANG_CXX_LANGUAGE_STANDARD = "gnu++20";
				CLANG_ENABLE_MODULES = YES;
				CLANG_ENABLE_OBJC_ARC = YES;
				CLANG_ENABLE_OBJC_WEAK = YES;
				CLANG_WARN_BLOCK_CAPTURE_AUTORELEASING = YES;
				CLANG_WARN_BOOL_CONVERSION = YES;
				CLANG_WARN_COMMA = YES;
				CLANG_WARN_CONSTANT_CONVERSION = YES;
				CLANG_WARN_DEPRECATED_OBJC_IMPLEMENTATIONS = YES;
				CLANG_WARN_DIRECT_OBJC_ISA_USAGE = YES_ERROR;
				CLANG_WARN_DOCUMENTATION_COMMENTS = YES;
				CLANG_WARN_EMPTY_BODY = YES;
				CLANG_WARN_ENUM_CONVERSION = YES;
				CLANG_WARN_INFINITE_RECURSION = YES;
				CLANG_WARN_INT_CONVERSION = YES;
				CLANG_WARN_NON_LITERAL_NULL_CONVERSION = YES;
				CLANG_WARN_OBJC_IMPLICIT_RETAIN_SELF = YES;
				CLANG_WARN_OBJC_LITERAL_CONVERSION = YES;
				CLANG_WARN_OBJC_ROOT_CLASS = YES_ERROR;
				CLANG_WARN_QUOTED_INCLUDE_IN_FRAMEWORK_HEADER = YES;
				CLANG_WARN_RANGE_LOOP_ANALYSIS = YES;
				CLANG_WARN_STRICT_PROTOTYPES = YES;
				CLANG_WARN_SUSPICIOUS_MOVE = YES;
				CLANG_WARN_UNGUARDED_AVAILABILITY = YES_AGGRESSIVE;
				CLANG_WARN_UNREACHABLE_CODE = YES;
				CLANG_WARN__DUPLICATE_METHOD_MATCH = YES;
				COPY_PHASE_STRIP = NO;
				DEBUG_INFORMATION_FORMAT = dwarf;
				ENABLE_STRICT_OBJC_MSGSEND = YES;
				ENABLE_TESTABILITY = YES;
				ENABLE_USER_SCRIPT_SANDBOXING = YES;
				GCC_C_LANGUAGE_STANDARD = gnu17;
				GCC_DYNAMIC_NO_PIC = NO;
				GCC_NO_COMMON_BLOCKS = YES;
				GCC_OPTIMIZATION_LEVEL = 0;
				GCC_PREPROCESSOR_DEFINITIONS = (
					"DEBUG=1",
					"$(inherited)",
				);
				GCC_WARN_64_TO_32_BIT_CONVERSION = YES;
				GCC_WARN_ABOUT_RETURN_TYPE = YES_ERROR;
				GCC_WARN_UNDECLARED_SELECTOR = YES;
				GCC_WARN_UNINITIALIZED_AUTOS = YES_AGGRESSIVE;
				GCC_WARN_UNUSED_FUNCTION = YES;
				GCC_WARN_UNUSED_VARIABLE = YES;
				IPHONEOS_DEPLOYMENT_TARGET = 17.2;
				LOCALIZATION_PREFERS_STRING_CATALOGS = YES;
				MTL_ENABLE_DEBUG_INFO = INCLUDE_SOURCE;
				MTL_FAST_MATH = YES;
				ONLY_ACTIVE_ARCH = YES;
				SDKROOT = iphoneos;
				SWIFT_ACTIVE_COMPILATION_CONDITIONS = "DEBUG $(inherited)";
				SWIFT_OPTIMIZATION_LEVEL = "-Onone";
			};
			name = Debug;
		};
		8FF10F3D2B58E3790090FF87 /* Release */ = {
			isa = XCBuildConfiguration;
			buildSettings = {
				ALWAYS_SEARCH_USER_PATHS = NO;
				ASSETCATALOG_COMPILER_GENERATE_SWIFT_ASSET_SYMBOL_EXTENSIONS = YES;
				CLANG_ANALYZER_NONNULL = YES;
				CLANG_ANALYZER_NUMBER_OBJECT_CONVERSION = YES_AGGRESSIVE;
				CLANG_CXX_LANGUAGE_STANDARD = "gnu++20";
				CLANG_ENABLE_MODULES = YES;
				CLANG_ENABLE_OBJC_ARC = YES;
				CLANG_ENABLE_OBJC_WEAK = YES;
				CLANG_WARN_BLOCK_CAPTURE_AUTORELEASING = YES;
				CLANG_WARN_BOOL_CONVERSION = YES;
				CLANG_WARN_COMMA = YES;
				CLANG_WARN_CONSTANT_CONVERSION = YES;
				CLANG_WARN_DEPRECATED_OBJC_IMPLEMENTATIONS = YES;
				CLANG_WARN_DIRECT_OBJC_ISA_USAGE = YES_ERROR;
				CLANG_WARN_DOCUMENTATION_COMMENTS = YES;
				CLANG_WARN_EMPTY_BODY = YES;
				CLANG_WARN_ENUM_CONVERSION = YES;
				CLANG_WARN_INFINITE_RECURSION = YES;
				CLANG_WARN_INT_CONVERSION = YES;
				CLANG_WARN_NON_LITERAL_NULL_CONVERSION = YES;
				CLANG_WARN_OBJC_IMPLICIT_RETAIN_SELF = YES;
				CLANG_WARN_OBJC_LITERAL_CONVERSION = YES;
				CLANG_WARN_OBJC_ROOT_CLASS = YES_ERROR;
				CLANG_WARN_QUOTED_INCLUDE_IN_FRAMEWORK_HEADER = YES;
				CLANG_WARN_RANGE_LOOP_ANALYSIS = YES;
				CLANG_WARN_STRICT_PROTOTYPES = YES;
				CLANG_WARN_SUSPICIOUS_MOVE = YES;
				CLANG_WARN_UNGUARDED_AVAILABILITY = YES_AGGRESSIVE;
				CLANG_WARN_UNREACHABLE_CODE = YES;
				CLANG_WARN__DUPLICATE_METHOD_MATCH = YES;
				COPY_PHASE_STRIP = NO;
				DEBUG_INFORMATION_FORMAT = "dwarf-with-dsym";
				ENABLE_NS_ASSERTIONS = NO;
				ENABLE_STRICT_OBJC_MSGSEND = YES;
				ENABLE_USER_SCRIPT_SANDBOXING = YES;
				GCC_C_LANGUAGE_STANDARD = gnu17;
				GCC_NO_COMMON_BLOCKS = YES;
				GCC_WARN_64_TO_32_BIT_CONVERSION = YES;
				GCC_WARN_ABOUT_RETURN_TYPE = YES_ERROR;
				GCC_WARN_UNDECLARED_SELECTOR = YES;
				GCC_WARN_UNINITIALIZED_AUTOS = YES_AGGRESSIVE;
				GCC_WARN_UNUSED_FUNCTION = YES;
				GCC_WARN_UNUSED_VARIABLE = YES;
				IPHONEOS_DEPLOYMENT_TARGET = 17.2;
				LOCALIZATION_PREFERS_STRING_CATALOGS = YES;
				MTL_ENABLE_DEBUG_INFO = NO;
				MTL_FAST_MATH = YES;
				SDKROOT = iphoneos;
				SWIFT_COMPILATION_MODE = wholemodule;
				VALIDATE_PRODUCT = YES;
			};
			name = Release;
		};
		8FF10F3F2B58E3790090FF87 /* Debug */ = {
			isa = XCBuildConfiguration;
			buildSettings = {
				ASSETCATALOG_COMPILER_APPICON_NAME = AppIcon;
				ASSETCATALOG_COMPILER_GLOBAL_ACCENT_COLOR_NAME = AccentColor;
				CODE_SIGN_STYLE = Automatic;
				CURRENT_PROJECT_VERSION = 1;
				DEVELOPMENT_ASSET_PATHS = "\"airbnb_clone/Preview Content\"";
				ENABLE_PREVIEWS = YES;
				GENERATE_INFOPLIST_FILE = YES;
				INFOPLIST_KEY_UIApplicationSceneManifest_Generation = YES;
				INFOPLIST_KEY_UIApplicationSupportsIndirectInputEvents = YES;
				INFOPLIST_KEY_UILaunchScreen_Generation = YES;
				INFOPLIST_KEY_UISupportedInterfaceOrientations_iPad = "UIInterfaceOrientationPortrait UIInterfaceOrientationPortraitUpsideDown UIInterfaceOrientationLandscapeLeft UIInterfaceOrientationLandscapeRight";
				INFOPLIST_KEY_UISupportedInterfaceOrientations_iPhone = "UIInterfaceOrientationPortrait UIInterfaceOrientationLandscapeLeft UIInterfaceOrientationLandscapeRight";
				LD_RUNPATH_SEARCH_PATHS = (
					"$(inherited)",
					"@executable_path/Frameworks",
				);
				MARKETING_VERSION = 1.0;
				PRODUCT_BUNDLE_IDENTIFIER = "com.swiftui.airbnb-clone";
				PRODUCT_NAME = "$(TARGET_NAME)";
				SWIFT_EMIT_LOC_STRINGS = YES;
				SWIFT_VERSION = 5.0;
				TARGETED_DEVICE_FAMILY = "1,2";
			};
			name = Debug;
		};
		8FF10F402B58E3790090FF87 /* Release */ = {
			isa = XCBuildConfiguration;
			buildSettings = {
				ASSETCATALOG_COMPILER_APPICON_NAME = AppIcon;
				ASSETCATALOG_COMPILER_GLOBAL_ACCENT_COLOR_NAME = AccentColor;
				CODE_SIGN_STYLE = Automatic;
				CURRENT_PROJECT_VERSION = 1;
				DEVELOPMENT_ASSET_PATHS = "\"airbnb_clone/Preview Content\"";
				ENABLE_PREVIEWS = YES;
				GENERATE_INFOPLIST_FILE = YES;
				INFOPLIST_KEY_UIApplicationSceneManifest_Generation = YES;
				INFOPLIST_KEY_UIApplicationSupportsIndirectInputEvents = YES;
				INFOPLIST_KEY_UILaunchScreen_Generation = YES;
				INFOPLIST_KEY_UISupportedInterfaceOrientations_iPad = "UIInterfaceOrientationPortrait UIInterfaceOrientationPortraitUpsideDown UIInterfaceOrientationLandscapeLeft UIInterfaceOrientationLandscapeRight";
				INFOPLIST_KEY_UISupportedInterfaceOrientations_iPhone = "UIInterfaceOrientationPortrait UIInterfaceOrientationLandscapeLeft UIInterfaceOrientationLandscapeRight";
				LD_RUNPATH_SEARCH_PATHS = (
					"$(inherited)",
					"@executable_path/Frameworks",
				);
				MARKETING_VERSION = 1.0;
				PRODUCT_BUNDLE_IDENTIFIER = "com.swiftui.airbnb-clone";
				PRODUCT_NAME = "$(TARGET_NAME)";
				SWIFT_EMIT_LOC_STRINGS = YES;
				SWIFT_VERSION = 5.0;
				TARGETED_DEVICE_FAMILY = "1,2";
			};
			name = Release;
		};
/* End XCBuildConfiguration section */

/* Begin XCConfigurationList section */
		8FF10F2B2B58E3760090FF87 /* Build configuration list for PBXProject "airbnb_clone" */ = {
			isa = XCConfigurationList;
			buildConfigurations = (
				8FF10F3C2B58E3790090FF87 /* Debug */,
				8FF10F3D2B58E3790090FF87 /* Release */,
			);
			defaultConfigurationIsVisible = 0;
			defaultConfigurationName = Release;
		};
		8FF10F3E2B58E3790090FF87 /* Build configuration list for PBXNativeTarget "airbnb_clone" */ = {
			isa = XCConfigurationList;
			buildConfigurations = (
				8FF10F3F2B58E3790090FF87 /* Debug */,
				8FF10F402B58E3790090FF87 /* Release */,
			);
			defaultConfigurationIsVisible = 0;
			defaultConfigurationName = Release;
		};
/* End XCConfigurationList section */
	};
	rootObject = 8FF10F282B58E3760090FF87 /* Project object */;
}
